
Microsoft Visual Studio Solution File, Format Version 12.00
# Visual Studio Version 17
VisualStudioVersion = 17.11.35312.102
MinimumVisualStudioVersion = 10.0.40219.1
Project("{FAE04EC0-301F-11D3-BF4B-00C04F79EFBC}") = "Modelo_DIO_API", "Modelo_DIO_API\Modelo_DIO_API.csproj", "{ED0BA5AE-291A-44B1-89F3-1EDB8DB67240}"
EndProject
Global
	GlobalSection(SolutionConfigurationPlatforms) = preSolution
		Debug|Any CPU = Debug|Any CPU
		Release|Any CPU = Release|Any CPU
	EndGlobalSection
	GlobalSection(ProjectConfigurationPlatforms) = postSolution
		{ED0BA5AE-291A-44B1-89F3-1EDB8DB67240}.Debug|Any CPU.ActiveCfg = Debug|Any CPU
		{ED0BA5AE-291A-44B1-89F3-1EDB8DB67240}.Debug|Any CPU.Build.0 = Debug|Any CPU
		{ED0BA5AE-291A-44B1-89F3-1EDB8DB67240}.Release|Any CPU.ActiveCfg = Release|Any CPU
		{ED0BA5AE-291A-44B1-89F3-1EDB8DB67240}.Release|Any CPU.Build.0 = Release|Any CPU
	EndGlobalSection
	GlobalSection(SolutionProperties) = preSolution
		HideSolutionNode = FALSE
	EndGlobalSection
	GlobalSection(ExtensibilityGlobals) = postSolution
		SolutionGuid = {14501107-C6BC-403A-BD82-0370BFD89639}
	EndGlobalSection
EndGlobal
