
Microsoft Visual Studio Solution File, Format Version 12.00
# Visual Studio Version 17
VisualStudioVersion = 17.7.34024.191
MinimumVisualStudioVersion = 10.0.40219.1
Project("{FAE04EC0-301F-11D3-BF4B-00C04F79EFBC}") = "HorasMinutosSegundos", "HorasMinutosSegundos\HorasMinutosSegundos.csproj", "{4CDF2D6A-D4E5-4130-ACD7-6DE6883348D9}"
EndProject
Global
	GlobalSection(SolutionConfigurationPlatforms) = preSolution
		Debug|Any CPU = Debug|Any CPU
		Release|Any CPU = Release|Any CPU
	EndGlobalSection
	GlobalSection(ProjectConfigurationPlatforms) = postSolution
		{4CDF2D6A-D4E5-4130-ACD7-6DE6883348D9}.Debug|Any CPU.ActiveCfg = Debug|Any CPU
		{4CDF2D6A-D4E5-4130-ACD7-6DE6883348D9}.Debug|Any CPU.Build.0 = Debug|Any CPU
		{4CDF2D6A-D4E5-4130-ACD7-6DE6883348D9}.Release|Any CPU.ActiveCfg = Release|Any CPU
		{4CDF2D6A-D4E5-4130-ACD7-6DE6883348D9}.Release|Any CPU.Build.0 = Release|Any CPU
	EndGlobalSection
	GlobalSection(SolutionProperties) = preSolution
		HideSolutionNode = FALSE
	EndGlobalSection
	GlobalSection(ExtensibilityGlobals) = postSolution
		SolutionGuid = {4F13926E-95A6-48D2-99DD-A149713A5311}
	EndGlobalSection
EndGlobal
